
Microsoft Visual Studio Solution File, Format Version 12.00
# Visual Studio Version 16
VisualStudioVersion = 16.0.30804.86
MinimumVisualStudioVersion = 10.0.40219.1
Project("{9A19103F-16F7-4668-BE54-9A1E7A4F7556}") = "Home20", "Home20\Home20.csproj", "{E31948B9-363C-4424-A847-07D8F9664408}"
EndProject
Global
	GlobalSection(SolutionConfigurationPlatforms) = preSolution
		Debug|Any CPU = Debug|Any CPU
		Release|Any CPU = Release|Any CPU
	EndGlobalSection
	GlobalSection(ProjectConfigurationPlatforms) = postSolution
		{E31948B9-363C-4424-A847-07D8F9664408}.Debug|Any CPU.ActiveCfg = Debug|Any CPU
		{E31948B9-363C-4424-A847-07D8F9664408}.Debug|Any CPU.Build.0 = Debug|Any CPU
		{E31948B9-363C-4424-A847-07D8F9664408}.Release|Any CPU.ActiveCfg = Release|Any CPU
		{E31948B9-363C-4424-A847-07D8F9664408}.Release|Any CPU.Build.0 = Release|Any CPU
	EndGlobalSection
	GlobalSection(SolutionProperties) = preSolution
		HideSolutionNode = FALSE
	EndGlobalSection
	GlobalSection(ExtensibilityGlobals) = postSolution
		SolutionGuid = {107092A2-AE5B-404C-B293-57AD811875F2}
	EndGlobalSection
EndGlobal
